
Microsoft Visual Studio Solution File, Format Version 12.00
# Visual Studio Version 16
VisualStudioVersion = 16.0.30420.98
MinimumVisualStudioVersion = 10.0.40219.1
Project("{FAE04EC0-301F-11D3-BF4B-00C04F79EFBC}") = "Netopes.Identity", "src\Netopes.Identity.csproj", "{4E947AF6-5E7F-4EC3-8F1E-81576A23DEEF}"
EndProject
Global
	GlobalSection(SolutionConfigurationPlatforms) = preSolution
		Debug|Any CPU = Debug|Any CPU
		Release|Any CPU = Release|Any CPU
	EndGlobalSection
	GlobalSection(ProjectConfigurationPlatforms) = postSolution
		{4E947AF6-5E7F-4EC3-8F1E-81576A23DEEF}.Debug|Any CPU.ActiveCfg = Debug|Any CPU
		{4E947AF6-5E7F-4EC3-8F1E-81576A23DEEF}.Debug|Any CPU.Build.0 = Debug|Any CPU
		{4E947AF6-5E7F-4EC3-8F1E-81576A23DEEF}.Release|Any CPU.ActiveCfg = Release|Any CPU
		{4E947AF6-5E7F-4EC3-8F1E-81576A23DEEF}.Release|Any CPU.Build.0 = Release|Any CPU
	EndGlobalSection
	GlobalSection(SolutionProperties) = preSolution
		HideSolutionNode = FALSE
	EndGlobalSection
	GlobalSection(ExtensibilityGlobals) = postSolution
		SolutionGuid = {BAD68441-4597-40F9-B5CB-09753FE06B34}
	EndGlobalSection
EndGlobal
